
Microsoft Visual Studio Solution File, Format Version 12.00
# Visual Studio Version 17
VisualStudioVersion = 17.14.36705.20
MinimumVisualStudioVersion = 10.0.40219.1
Project("{FAE04EC0-301F-11D3-BF4B-00C04F79EFBC}") = "SIUTeam.MetaAI", "SIUTeam.MetaAI\SIUTeam.MetaAI.csproj", "{1AA88F16-64C6-4FB5-A8E6-14845EA5B458}"
EndProject
Project("{FAE04EC0-301F-11D3-BF4B-00C04F79EFBC}") = "SIUTeam.MetaAI.Services", "SIUTeam.MetaAI.Services\SIUTeam.MetaAI.Services.csproj", "{3FA85711-00FA-4454-A7E5-DE3C21B54F25}"
EndProject
Project("{FAE04EC0-301F-11D3-BF4B-00C04F79EFBC}") = "SIUTeam.MetaAI.Domain", "SIUTeam.MetaAI.Domain\SIUTeam.MetaAI.Domain.csproj", "{A83ECE05-4D4A-4E4D-81B9-D242F3583EF8}"
EndProject
Global
	GlobalSection(SolutionConfigurationPlatforms) = preSolution
		Debug|Any CPU = Debug|Any CPU
		Release|Any CPU = Release|Any CPU
	EndGlobalSection
	GlobalSection(ProjectConfigurationPlatforms) = postSolution
		{1AA88F16-64C6-4FB5-A8E6-14845EA5B458}.Debug|Any CPU.ActiveCfg = Debug|Any CPU
		{1AA88F16-64C6-4FB5-A8E6-14845EA5B458}.Debug|Any CPU.Build.0 = Debug|Any CPU
		{1AA88F16-64C6-4FB5-A8E6-14845EA5B458}.Release|Any CPU.ActiveCfg = Release|Any CPU
		{1AA88F16-64C6-4FB5-A8E6-14845EA5B458}.Release|Any CPU.Build.0 = Release|Any CPU
		{3FA85711-00FA-4454-A7E5-DE3C21B54F25}.Debug|Any CPU.ActiveCfg = Debug|Any CPU
		{3FA85711-00FA-4454-A7E5-DE3C21B54F25}.Debug|Any CPU.Build.0 = Debug|Any CPU
		{3FA85711-00FA-4454-A7E5-DE3C21B54F25}.Release|Any CPU.ActiveCfg = Release|Any CPU
		{3FA85711-00FA-4454-A7E5-DE3C21B54F25}.Release|Any CPU.Build.0 = Release|Any CPU
		{A83ECE05-4D4A-4E4D-81B9-D242F3583EF8}.Debug|Any CPU.ActiveCfg = Debug|Any CPU
		{A83ECE05-4D4A-4E4D-81B9-D242F3583EF8}.Debug|Any CPU.Build.0 = Debug|Any CPU
		{A83ECE05-4D4A-4E4D-81B9-D242F3583EF8}.Release|Any CPU.ActiveCfg = Release|Any CPU
		{A83ECE05-4D4A-4E4D-81B9-D242F3583EF8}.Release|Any CPU.Build.0 = Release|Any CPU
	EndGlobalSection
	GlobalSection(SolutionProperties) = preSolution
		HideSolutionNode = FALSE
	EndGlobalSection
	GlobalSection(ExtensibilityGlobals) = postSolution
		SolutionGuid = {855B7B9C-4B45-46DF-8C1B-D5BC24CAAA5C}
	EndGlobalSection
EndGlobal
